// !$*UTF8*$!
{
	archiveVersion = 1;
	classes = {
	};
	objectVersion = 51;
	objects = {

/* Begin PBXBuildFile section */
		43B9858223B981E50016A04F /* AppDelegate.swift in Sources */ = {isa = PBXBuildFile; fileRef = 43B9858123B981E50016A04F /* AppDelegate.swift */; };
		43B9858423B981E50016A04F /* SceneDelegate.swift in Sources */ = {isa = PBXBuildFile; fileRef = 43B9858323B981E50016A04F /* SceneDelegate.swift */; };
		43B9858623B981E50016A04F /* ViewController.swift in Sources */ = {isa = PBXBuildFile; fileRef = 43B9858523B981E50016A04F /* ViewController.swift */; };
		43B9858923B981E50016A04F /* Main.storyboard in Resources */ = {isa = PBXBuildFile; fileRef = 43B9858723B981E50016A04F /* Main.storyboard */; };
		43B9858B23B981E70016A04F /* Assets.xcassets in Resources */ = {isa = PBXBuildFile; fileRef = 43B9858A23B981E70016A04F /* Assets.xcassets */; };
		43B9858E23B981E70016A04F /* LaunchScreen.storyboard in Resources */ = {isa = PBXBuildFile; fileRef = 43B9858C23B981E70016A04F /* LaunchScreen.storyboard */; };
		43B9859923B981E70016A04F /* BitHelperTests.swift in Sources */ = {isa = PBXBuildFile; fileRef = 43B9859823B981E70016A04F /* BitHelperTests.swift */; };
		43D688F823B99EFB0086ECD0 /* BitPrice.framework in Frameworks */ = {isa = PBXBuildFile; fileRef = 43D688F523B99E850086ECD0 /* BitPrice.framework */; };
		43D688F923B99EFB0086ECD0 /* BitPrice.framework in Embed Frameworks */ = {isa = PBXBuildFile; fileRef = 43D688F523B99E850086ECD0 /* BitPrice.framework */; settings = {ATTRIBUTES = (CodeSignOnCopy, RemoveHeadersOnCopy, ); }; };
		FCB6609BCB3D0BE0DC631BD9 /* Pods_BitHelper.framework in Frameworks */ = {isa = PBXBuildFile; fileRef = 4B55CCBB767F1FB8ED0BDCAA /* Pods_BitHelper.framework */; };
/* End PBXBuildFile section */

/* Begin PBXContainerItemProxy section */
		43B9859523B981E70016A04F /* PBXContainerItemProxy */ = {
			isa = PBXContainerItemProxy;
			containerPortal = 43B9857623B981E50016A04F /* Project object */;
			proxyType = 1;
			remoteGlobalIDString = 43B9857D23B981E50016A04F;
			remoteInfo = BitHelper;
		};
		43D688F423B99E850086ECD0 /* PBXContainerItemProxy */ = {
			isa = PBXContainerItemProxy;
			containerPortal = 43D688F023B99E850086ECD0 /* BitPrice.xcodeproj */;
			proxyType = 2;
			remoteGlobalIDString = 431FB89B23B7D2BD00911B4E;
			remoteInfo = BitPrice;
		};
/* End PBXContainerItemProxy section */

/* Begin PBXCopyFilesBuildPhase section */
		43D688EF23B99DF60086ECD0 /* Embed Frameworks */ = {
			isa = PBXCopyFilesBuildPhase;
			buildActionMask = 2147483647;
			dstPath = "";
			dstSubfolderSpec = 10;
			files = (
				43D688F923B99EFB0086ECD0 /* BitPrice.framework in Embed Frameworks */,
			);
			name = "Embed Frameworks";
			runOnlyForDeploymentPostprocessing = 0;
		};
/* End PBXCopyFilesBuildPhase section */

/* Begin PBXFileReference section */
		0E908B03CDD76B5CA3B080B6 /* Pods-BitHelper.release.xcconfig */ = {isa = PBXFileReference; includeInIndex = 1; lastKnownFileType = text.xcconfig; name = "Pods-BitHelper.release.xcconfig"; path = "Target Support Files/Pods-BitHelper/Pods-BitHelper.release.xcconfig"; sourceTree = "<group>"; };
		43B9857E23B981E50016A04F /* BitHelper.app */ = {isa = PBXFileReference; explicitFileType = wrapper.application; includeInIndex = 0; path = BitHelper.app; sourceTree = BUILT_PRODUCTS_DIR; };
		43B9858123B981E50016A04F /* AppDelegate.swift */ = {isa = PBXFileReference; lastKnownFileType = sourcecode.swift; path = AppDelegate.swift; sourceTree = "<group>"; };
		43B9858323B981E50016A04F /* SceneDelegate.swift */ = {isa = PBXFileReference; lastKnownFileType = sourcecode.swift; path = SceneDelegate.swift; sourceTree = "<group>"; };
		43B9858523B981E50016A04F /* ViewController.swift */ = {isa = PBXFileReference; lastKnownFileType = sourcecode.swift; path = ViewController.swift; sourceTree = "<group>"; };
		43B9858823B981E50016A04F /* Base */ = {isa = PBXFileReference; lastKnownFileType = file.storyboard; name = Base; path = Base.lproj/Main.storyboard; sourceTree = "<group>"; };
		43B9858A23B981E70016A04F /* Assets.xcassets */ = {isa = PBXFileReference; lastKnownFileType = folder.assetcatalog; path = Assets.xcassets; sourceTree = "<group>"; };
		43B9858D23B981E70016A04F /* Base */ = {isa = PBXFileReference; lastKnownFileType = file.storyboard; name = Base; path = Base.lproj/LaunchScreen.storyboard; sourceTree = "<group>"; };
		43B9858F23B981E70016A04F /* Info.plist */ = {isa = PBXFileReference; lastKnownFileType = text.plist.xml; path = Info.plist; sourceTree = "<group>"; };
		43B9859423B981E70016A04F /* BitHelperTests.xctest */ = {isa = PBXFileReference; explicitFileType = wrapper.cfbundle; includeInIndex = 0; path = BitHelperTests.xctest; sourceTree = BUILT_PRODUCTS_DIR; };
		43B9859823B981E70016A04F /* BitHelperTests.swift */ = {isa = PBXFileReference; lastKnownFileType = sourcecode.swift; path = BitHelperTests.swift; sourceTree = "<group>"; };
		43B9859A23B981E70016A04F /* Info.plist */ = {isa = PBXFileReference; lastKnownFileType = text.plist.xml; path = Info.plist; sourceTree = "<group>"; };
		43D688F023B99E850086ECD0 /* BitPrice.xcodeproj */ = {isa = PBXFileReference; lastKnownFileType = "wrapper.pb-project"; name = BitPrice.xcodeproj; path = ../BitPriceGit/BitPrice.xcodeproj; sourceTree = "<group>"; };
		4B55CCBB767F1FB8ED0BDCAA /* Pods_BitHelper.framework */ = {isa = PBXFileReference; explicitFileType = wrapper.framework; includeInIndex = 0; path = Pods_BitHelper.framework; sourceTree = BUILT_PRODUCTS_DIR; };
		F0C4507BD442749ABF6A9C6A /* Pods-BitHelper.debug.xcconfig */ = {isa = PBXFileReference; includeInIndex = 1; lastKnownFileType = text.xcconfig; name = "Pods-BitHelper.debug.xcconfig"; path = "Target Support Files/Pods-BitHelper/Pods-BitHelper.debug.xcconfig"; sourceTree = "<group>"; };
/* End PBXFileReference section */

/* Begin PBXFrameworksBuildPhase section */
		43B9857B23B981E50016A04F /* Frameworks */ = {
			isa = PBXFrameworksBuildPhase;
			buildActionMask = 2147483647;
			files = (
				43D688F823B99EFB0086ECD0 /* BitPrice.framework in Frameworks */,
				FCB6609BCB3D0BE0DC631BD9 /* Pods_BitHelper.framework in Frameworks */,
			);
			runOnlyForDeploymentPostprocessing = 0;
		};
		43B9859123B981E70016A04F /* Frameworks */ = {
			isa = PBXFrameworksBuildPhase;
			buildActionMask = 2147483647;
			files = (
			);
			runOnlyForDeploymentPostprocessing = 0;
		};
/* End PBXFrameworksBuildPhase section */

/* Begin PBXGroup section */
		17F16CA1FA0EA2381AE81298 /* Pods */ = {
			isa = PBXGroup;
			children = (
				F0C4507BD442749ABF6A9C6A /* Pods-BitHelper.debug.xcconfig */,
				0E908B03CDD76B5CA3B080B6 /* Pods-BitHelper.release.xcconfig */,
			);
			path = Pods;
			sourceTree = "<group>";
		};
		43B9857523B981E50016A04F = {
			isa = PBXGroup;
			children = (
				43D688F023B99E850086ECD0 /* BitPrice.xcodeproj */,
				43B9858023B981E50016A04F /* BitHelper */,
				43B9859723B981E70016A04F /* BitHelperTests */,
				43B9857F23B981E50016A04F /* Products */,
				43B985A323B9820C0016A04F /* Frameworks */,
				17F16CA1FA0EA2381AE81298 /* Pods */,
			);
			sourceTree = "<group>";
		};
		43B9857F23B981E50016A04F /* Products */ = {
			isa = PBXGroup;
			children = (
				43B9857E23B981E50016A04F /* BitHelper.app */,
				43B9859423B981E70016A04F /* BitHelperTests.xctest */,
			);
			name = Products;
			sourceTree = "<group>";
		};
		43B9858023B981E50016A04F /* BitHelper */ = {
			isa = PBXGroup;
			children = (
				43B9858123B981E50016A04F /* AppDelegate.swift */,
				43B9858323B981E50016A04F /* SceneDelegate.swift */,
				43B9858523B981E50016A04F /* ViewController.swift */,
				43B9858723B981E50016A04F /* Main.storyboard */,
				43B9858A23B981E70016A04F /* Assets.xcassets */,
				43B9858C23B981E70016A04F /* LaunchScreen.storyboard */,
				43B9858F23B981E70016A04F /* Info.plist */,
			);
			path = BitHelper;
			sourceTree = "<group>";
		};
		43B9859723B981E70016A04F /* BitHelperTests */ = {
			isa = PBXGroup;
			children = (
				43B9859823B981E70016A04F /* BitHelperTests.swift */,
				43B9859A23B981E70016A04F /* Info.plist */,
			);
			path = BitHelperTests;
			sourceTree = "<group>";
		};
		43B985A323B9820C0016A04F /* Frameworks */ = {
			isa = PBXGroup;
			children = (
				4B55CCBB767F1FB8ED0BDCAA /* Pods_BitHelper.framework */,
			);
			name = Frameworks;
			sourceTree = "<group>";
		};
		43D688F123B99E850086ECD0 /* Products */ = {
			isa = PBXGroup;
			children = (
				43D688F523B99E850086ECD0 /* BitPrice.framework */,
			);
			name = Products;
			sourceTree = "<group>";
		};
/* End PBXGroup section */

/* Begin PBXNativeTarget section */
		43B9857D23B981E50016A04F /* BitHelper */ = {
			isa = PBXNativeTarget;
			buildConfigurationList = 43B9859D23B981E70016A04F /* Build configuration list for PBXNativeTarget "BitHelper" */;
			buildPhases = (
				B5BF1272149AE3A7E241B695 /* [CP] Check Pods Manifest.lock */,
				43B9857A23B981E50016A04F /* Sources */,
				43B9857B23B981E50016A04F /* Frameworks */,
				43B9857C23B981E50016A04F /* Resources */,
				E2F7F9D3F2B8EE363240B407 /* [CP] Embed Pods Frameworks */,
				43D688EF23B99DF60086ECD0 /* Embed Frameworks */,
			);
			buildRules = (
			);
			dependencies = (
			);
			name = BitHelper;
			productName = BitHelper;
			productReference = 43B9857E23B981E50016A04F /* BitHelper.app */;
			productType = "com.apple.product-type.application";
		};
		43B9859323B981E70016A04F /* BitHelperTests */ = {
			isa = PBXNativeTarget;
			buildConfigurationList = 43B985A023B981E70016A04F /* Build configuration list for PBXNativeTarget "BitHelperTests" */;
			buildPhases = (
				43B9859023B981E70016A04F /* Sources */,
				43B9859123B981E70016A04F /* Frameworks */,
				43B9859223B981E70016A04F /* Resources */,
			);
			buildRules = (
			);
			dependencies = (
				43B9859623B981E70016A04F /* PBXTargetDependency */,
			);
			name = BitHelperTests;
			productName = BitHelperTests;
			productReference = 43B9859423B981E70016A04F /* BitHelperTests.xctest */;
			productType = "com.apple.product-type.bundle.unit-test";
		};
/* End PBXNativeTarget section */

/* Begin PBXProject section */
		43B9857623B981E50016A04F /* Project object */ = {
			isa = PBXProject;
			attributes = {
				LastSwiftUpdateCheck = 1130;
				LastUpgradeCheck = 1130;
				ORGANIZATIONNAME = Bern;
				TargetAttributes = {
					43B9857D23B981E50016A04F = {
						CreatedOnToolsVersion = 11.3;
					};
					43B9859323B981E70016A04F = {
						CreatedOnToolsVersion = 11.3;
						TestTargetID = 43B9857D23B981E50016A04F;
					};
				};
			};
			buildConfigurationList = 43B9857923B981E50016A04F /* Build configuration list for PBXProject "BitHelper" */;
			compatibilityVersion = "Xcode 9.3";
			developmentRegion = en;
			hasScannedForEncodings = 0;
			knownRegions = (
				en,
				Base,
			);
			mainGroup = 43B9857523B981E50016A04F;
			productRefGroup = 43B9857F23B981E50016A04F /* Products */;
			projectDirPath = "";
			projectReferences = (
				{
					ProductGroup = 43D688F123B99E850086ECD0 /* Products */;
					ProjectRef = 43D688F023B99E850086ECD0 /* BitPrice.xcodeproj */;
				},
			);
			projectRoot = "";
			targets = (
				43B9857D23B981E50016A04F /* BitHelper */,
				43B9859323B981E70016A04F /* BitHelperTests */,
			);
		};
/* End PBXProject section */

/* Begin PBXReferenceProxy section */
		43D688F523B99E850086ECD0 /* BitPrice.framework */ = {
			isa = PBXReferenceProxy;
			fileType = wrapper.framework;
			path = BitPrice.framework;
			remoteRef = 43D688F423B99E850086ECD0 /* PBXContainerItemProxy */;
			sourceTree = BUILT_PRODUCTS_DIR;
		};
/* End PBXReferenceProxy section */

/* Begin PBXResourcesBuildPhase section */
		43B9857C23B981E50016A04F /* Resources */ = {
			isa = PBXResourcesBuildPhase;
			buildActionMask = 2147483647;
			files = (
				43B9858E23B981E70016A04F /* LaunchScreen.storyboard in Resources */,
				43B9858B23B981E70016A04F /* Assets.xcassets in Resources */,
				43B9858923B981E50016A04F /* Main.storyboard in Resources */,
			);
			runOnlyForDeploymentPostprocessing = 0;
		};
		43B9859223B981E70016A04F /* Resources */ = {
			isa = PBXResourcesBuildPhase;
			buildActionMask = 2147483647;
			files = (
			);
			runOnlyForDeploymentPostprocessing = 0;
		};
/* End PBXResourcesBuildPhase section */

/* Begin PBXShellScriptBuildPhase section */
		B5BF1272149AE3A7E241B695 /* [CP] Check Pods Manifest.lock */ = {
			isa = PBXShellScriptBuildPhase;
			buildActionMask = 2147483647;
			files = (
			);
			inputFileListPaths = (
			);
			inputPaths = (
				"${PODS_PODFILE_DIR_PATH}/Podfile.lock",
				"${PODS_ROOT}/Manifest.lock",
			);
			name = "[CP] Check Pods Manifest.lock";
			outputFileListPaths = (
			);
			outputPaths = (
				"$(DERIVED_FILE_DIR)/Pods-BitHelper-checkManifestLockResult.txt",
			);
			runOnlyForDeploymentPostprocessing = 0;
			shellPath = /bin/sh;
			shellScript = "diff \"${PODS_PODFILE_DIR_PATH}/Podfile.lock\" \"${PODS_ROOT}/Manifest.lock\" > /dev/null\nif [ $? != 0 ] ; then\n    # print error to STDERR\n    echo \"error: The sandbox is not in sync with the Podfile.lock. Run 'pod install' or update your CocoaPods installation.\" >&2\n    exit 1\nfi\n# This output is used by Xcode 'outputs' to avoid re-running this script phase.\necho \"SUCCESS\" > \"${SCRIPT_OUTPUT_FILE_0}\"\n";
			showEnvVarsInLog = 0;
		};
		E2F7F9D3F2B8EE363240B407 /* [CP] Embed Pods Frameworks */ = {
			isa = PBXShellScriptBuildPhase;
			buildActionMask = 2147483647;
			files = (
			);
			inputFileListPaths = (
				"${PODS_ROOT}/Target Support Files/Pods-BitHelper/Pods-BitHelper-frameworks-${CONFIGURATION}-input-files.xcfilelist",
			);
			name = "[CP] Embed Pods Frameworks";
			outputFileListPaths = (
				"${PODS_ROOT}/Target Support Files/Pods-BitHelper/Pods-BitHelper-frameworks-${CONFIGURATION}-output-files.xcfilelist",
			);
			runOnlyForDeploymentPostprocessing = 0;
			shellPath = /bin/sh;
			shellScript = "\"${PODS_ROOT}/Target Support Files/Pods-BitHelper/Pods-BitHelper-frameworks.sh\"\n";
			showEnvVarsInLog = 0;
		};
/* End PBXShellScriptBuildPhase section */

/* Begin PBXSourcesBuildPhase section */
		43B9857A23B981E50016A04F /* Sources */ = {
			isa = PBXSourcesBuildPhase;
			buildActionMask = 2147483647;
			files = (
				43B9858623B981E50016A04F /* ViewController.swift in Sources */,
				43B9858223B981E50016A04F /* AppDelegate.swift in Sources */,
				43B9858423B981E50016A04F /* SceneDelegate.swift in Sources */,
			);
			runOnlyForDeploymentPostprocessing = 0;
		};
		43B9859023B981E70016A04F /* Sources */ = {
			isa = PBXSourcesBuildPhase;
			buildActionMask = 2147483647;
			files = (
				43B9859923B981E70016A04F /* BitHelperTests.swift in Sources */,
			);
			runOnlyForDeploymentPostprocessing = 0;
		};
/* End PBXSourcesBuildPhase section */

/* Begin PBXTargetDependency section */
		43B9859623B981E70016A04F /* PBXTargetDependency */ = {
			isa = PBXTargetDependency;
			target = 43B9857D23B981E50016A04F /* BitHelper */;
			targetProxy = 43B9859523B981E70016A04F /* PBXContainerItemProxy */;
		};
/* End PBXTargetDependency section */

/* Begin PBXVariantGroup section */
		43B9858723B981E50016A04F /* Main.storyboard */ = {
			isa = PBXVariantGroup;
			children = (
				43B9858823B981E50016A04F /* Base */,
			);
			name = Main.storyboard;
			sourceTree = "<group>";
		};
		43B9858C23B981E70016A04F /* LaunchScreen.storyboard */ = {
			isa = PBXVariantGroup;
			children = (
				43B9858D23B981E70016A04F /* Base */,
			);
			name = LaunchScreen.storyboard;
			sourceTree = "<group>";
		};
/* End PBXVariantGroup section */

/* Begin XCBuildConfiguration section */
		43B9859B23B981E70016A04F /* Debug */ = {
			isa = XCBuildConfiguration;
			buildSettings = {
				ALWAYS_SEARCH_USER_PATHS = NO;
				CLANG_ANALYZER_NONNULL = YES;
				CLANG_ANALYZER_NUMBER_OBJECT_CONVERSION = YES_AGGRESSIVE;
				CLANG_CXX_LANGUAGE_STANDARD = "gnu++14";
				CLANG_CXX_LIBRARY = "libc++";
				CLANG_ENABLE_MODULES = YES;
				CLANG_ENABLE_OBJC_ARC = YES;
				CLANG_ENABLE_OBJC_WEAK = YES;
				CLANG_WARN_BLOCK_CAPTURE_AUTORELEASING = YES;
				CLANG_WARN_BOOL_CONVERSION = YES;
				CLANG_WARN_COMMA = YES;
				CLANG_WARN_CONSTANT_CONVERSION = YES;
				CLANG_WARN_DEPRECATED_OBJC_IMPLEMENTATIONS = YES;
				CLANG_WARN_DIRECT_OBJC_ISA_USAGE = YES_ERROR;
				CLANG_WARN_DOCUMENTATION_COMMENTS = YES;
				CLANG_WARN_EMPTY_BODY = YES;
				CLANG_WARN_ENUM_CONVERSION = YES;
				CLANG_WARN_INFINITE_RECURSION = YES;
				CLANG_WARN_INT_CONVERSION = YES;
				CLANG_WARN_NON_LITERAL_NULL_CONVERSION = YES;
				CLANG_WARN_OBJC_IMPLICIT_RETAIN_SELF = YES;
				CLANG_WARN_OBJC_LITERAL_CONVERSION = YES;
				CLANG_WARN_OBJC_ROOT_CLASS = YES_ERROR;
				CLANG_WARN_RANGE_LOOP_ANALYSIS = YES;
				CLANG_WARN_STRICT_PROTOTYPES = YES;
				CLANG_WARN_SUSPICIOUS_MOVE = YES;
				CLANG_WARN_UNGUARDED_AVAILABILITY = YES_AGGRESSIVE;
				CLANG_WARN_UNREACHABLE_CODE = YES;
				CLANG_WARN__DUPLICATE_METHOD_MATCH = YES;
				COPY_PHASE_STRIP = NO;
				DEBUG_INFORMATION_FORMAT = dwarf;
				ENABLE_STRICT_OBJC_MSGSEND = YES;
				ENABLE_TESTABILITY = YES;
				GCC_C_LANGUAGE_STANDARD = gnu11;
				GCC_DYNAMIC_NO_PIC = NO;
				GCC_NO_COMMON_BLOCKS = YES;
				GCC_OPTIMIZATION_LEVEL = 0;
				GCC_PREPROCESSOR_DEFINITIONS = (
					"DEBUG=1",
					"$(inherited)",
				);
				GCC_WARN_64_TO_32_BIT_CONVERSION = YES;
				GCC_WARN_ABOUT_RETURN_TYPE = YES_ERROR;
				GCC_WARN_UNDECLARED_SELECTOR = YES;
				GCC_WARN_UNINITIALIZED_AUTOS = YES_AGGRESSIVE;
				GCC_WARN_UNUSED_FUNCTION = YES;
				GCC_WARN_UNUSED_VARIABLE = YES;
				IPHONEOS_DEPLOYMENT_TARGET = 13.2;
				MTL_ENABLE_DEBUG_INFO = INCLUDE_SOURCE;
				MTL_FAST_MATH = YES;
				ONLY_ACTIVE_ARCH = YES;
				SDKROOT = iphoneos;
				SWIFT_ACTIVE_COMPILATION_CONDITIONS = DEBUG;
				SWIFT_OPTIMIZATION_LEVEL = "-Onone";
			};
			name = Debug;
		};
		43B9859C23B981E70016A04F /* Release */ = {
			isa = XCBuildConfiguration;
			buildSettings = {
				ALWAYS_SEARCH_USER_PATHS = NO;
				CLANG_ANALYZER_NONNULL = YES;
				CLANG_ANALYZER_NUMBER_OBJECT_CONVERSION = YES_AGGRESSIVE;
				CLANG_CXX_LANGUAGE_STANDARD = "gnu++14";
				CLANG_CXX_LIBRARY = "libc++";
				CLANG_ENABLE_MODULES = YES;
				CLANG_ENABLE_OBJC_ARC = YES;
				CLANG_ENABLE_OBJC_WEAK = YES;
				CLANG_WARN_BLOCK_CAPTURE_AUTORELEASING = YES;
				CLANG_WARN_BOOL_CONVERSION = YES;
				CLANG_WARN_COMMA = YES;
				CLANG_WARN_CONSTANT_CONVERSION = YES;
				CLANG_WARN_DEPRECATED_OBJC_IMPLEMENTATIONS = YES;
				CLANG_WARN_DIRECT_OBJC_ISA_USAGE = YES_ERROR;
				CLANG_WARN_DOCUMENTATION_COMMENTS = YES;
				CLANG_WARN_EMPTY_BODY = YES;
				CLANG_WARN_ENUM_CONVERSION = YES;
				CLANG_WARN_INFINITE_RECURSION = YES;
				CLANG_WARN_INT_CONVERSION = YES;
				CLANG_WARN_NON_LITERAL_NULL_CONVERSION = YES;
				CLANG_WARN_OBJC_IMPLICIT_RETAIN_SELF = YES;
				CLANG_WARN_OBJC_LITERAL_CONVERSION = YES;
				CLANG_WARN_OBJC_ROOT_CLASS = YES_ERROR;
				CLANG_WARN_RANGE_LOOP_ANALYSIS = YES;
				CLANG_WARN_STRICT_PROTOTYPES = YES;
				CLANG_WARN_SUSPICIOUS_MOVE = YES;
				CLANG_WARN_UNGUARDED_AVAILABILITY = YES_AGGRESSIVE;
				CLANG_WARN_UNREACHABLE_CODE = YES;
				CLANG_WARN__DUPLICATE_METHOD_MATCH = YES;
				COPY_PHASE_STRIP = NO;
				DEBUG_INFORMATION_FORMAT = "dwarf-with-dsym";
				ENABLE_NS_ASSERTIONS = NO;
				ENABLE_STRICT_OBJC_MSGSEND = YES;
				GCC_C_LANGUAGE_STANDARD = gnu11;
				GCC_NO_COMMON_BLOCKS = YES;
				GCC_WARN_64_TO_32_BIT_CONVERSION = YES;
				GCC_WARN_ABOUT_RETURN_TYPE = YES_ERROR;
				GCC_WARN_UNDECLARED_SELECTOR = YES;
				GCC_WARN_UNINITIALIZED_AUTOS = YES_AGGRESSIVE;
				GCC_WARN_UNUSED_FUNCTION = YES;
				GCC_WARN_UNUSED_VARIABLE = YES;
				IPHONEOS_DEPLOYMENT_TARGET = 13.2;
				MTL_ENABLE_DEBUG_INFO = NO;
				MTL_FAST_MATH = YES;
				SDKROOT = iphoneos;
				SWIFT_COMPILATION_MODE = wholemodule;
				SWIFT_OPTIMIZATION_LEVEL = "-O";
				VALIDATE_PRODUCT = YES;
			};
			name = Release;
		};
		43B9859E23B981E70016A04F /* Debug */ = {
			isa = XCBuildConfiguration;
			baseConfigurationReference = F0C4507BD442749ABF6A9C6A /* Pods-BitHelper.debug.xcconfig */;
			buildSettings = {
				ASSETCATALOG_COMPILER_APPICON_NAME = AppIcon;
				CODE_SIGN_STYLE = Automatic;
				DEVELOPMENT_TEAM = HPPU73C57K;
				FRAMEWORK_SEARCH_PATHS = (
					"$(inherited)",
					"$(PROJECT_DIR)",
				);
				INFOPLIST_FILE = BitHelper/Info.plist;
				IPHONEOS_DEPLOYMENT_TARGET = 13.0;
				LD_RUNPATH_SEARCH_PATHS = (
					"$(inherited)",
					"@executable_path/Frameworks",
				);
				PRODUCT_BUNDLE_IDENTIFIER = bern.BitHelper;
				PRODUCT_NAME = "$(TARGET_NAME)";
				SWIFT_VERSION = 5.0;
				TARGETED_DEVICE_FAMILY = "1,2";
			};
			name = Debug;
		};
		43B9859F23B981E70016A04F /* Release */ = {
			isa = XCBuildConfiguration;
			baseConfigurationReference = 0E908B03CDD76B5CA3B080B6 /* Pods-BitHelper.release.xcconfig */;
			buildSettings = {
				ASSETCATALOG_COMPILER_APPICON_NAME = AppIcon;
				CODE_SIGN_STYLE = Automatic;
				DEVELOPMENT_TEAM = HPPU73C57K;
				FRAMEWORK_SEARCH_PATHS = (
					"$(inherited)",
					"$(PROJECT_DIR)",
				);
				INFOPLIST_FILE = BitHelper/Info.plist;
				IPHONEOS_DEPLOYMENT_TARGET = 13.0;
				LD_RUNPATH_SEARCH_PATHS = (
					"$(inherited)",
					"@executable_path/Frameworks",
				);
				PRODUCT_BUNDLE_IDENTIFIER = bern.BitHelper;
				PRODUCT_NAME = "$(TARGET_NAME)";
				SWIFT_VERSION = 5.0;
				TARGETED_DEVICE_FAMILY = "1,2";
			};
			name = Release;
		};
		43B985A123B981E70016A04F /* Debug */ = {
			isa = XCBuildConfiguration;
			buildSettings = {
				ALWAYS_EMBED_SWIFT_STANDARD_LIBRARIES = YES;
				BUNDLE_LOADER = "$(TEST_HOST)";
				CODE_SIGN_STYLE = Automatic;
				DEVELOPMENT_TEAM = HPPU73C57K;
				INFOPLIST_FILE = BitHelperTests/Info.plist;
				IPHONEOS_DEPLOYMENT_TARGET = 13.2;
				LD_RUNPATH_SEARCH_PATHS = (
					"$(inherited)",
					"@executable_path/Frameworks",
					"@loader_path/Frameworks",
				);
				PRODUCT_BUNDLE_IDENTIFIER = bern.BitHelperTests;
				PRODUCT_NAME = "$(TARGET_NAME)";
				SWIFT_VERSION = 5.0;
				TARGETED_DEVICE_FAMILY = "1,2";
				TEST_HOST = "$(BUILT_PRODUCTS_DIR)/BitHelper.app/BitHelper";
			};
			name = Debug;
		};
		43B985A223B981E70016A04F /* Release */ = {
			isa = XCBuildConfiguration;
			buildSettings = {
				ALWAYS_EMBED_SWIFT_STANDARD_LIBRARIES = YES;
				BUNDLE_LOADER = "$(TEST_HOST)";
				CODE_SIGN_STYLE = Automatic;
				DEVELOPMENT_TEAM = HPPU73C57K;
				INFOPLIST_FILE = BitHelperTests/Info.plist;
				IPHONEOS_DEPLOYMENT_TARGET = 13.2;
				LD_RUNPATH_SEARCH_PATHS = (
					"$(inherited)",
					"@executable_path/Frameworks",
					"@loader_path/Frameworks",
				);
				PRODUCT_BUNDLE_IDENTIFIER = bern.BitHelperTests;
				PRODUCT_NAME = "$(TARGET_NAME)";
				SWIFT_VERSION = 5.0;
				TARGETED_DEVICE_FAMILY = "1,2";
				TEST_HOST = "$(BUILT_PRODUCTS_DIR)/BitHelper.app/BitHelper";
			};
			name = Release;
		};
/* End XCBuildConfiguration section */

/* Begin XCConfigurationList section */
		43B9857923B981E50016A04F /* Build configuration list for PBXProject "BitHelper" */ = {
			isa = XCConfigurationList;
			buildConfigurations = (
				43B9859B23B981E70016A04F /* Debug */,
				43B9859C23B981E70016A04F /* Release */,
			);
			defaultConfigurationIsVisible = 0;
			defaultConfigurationName = Release;
		};
		43B9859D23B981E70016A04F /* Build configuration list for PBXNativeTarget "BitHelper" */ = {
			isa = XCConfigurationList;
			buildConfigurations = (
				43B9859E23B981E70016A04F /* Debug */,
				43B9859F23B981E70016A04F /* Release */,
			);
			defaultConfigurationIsVisible = 0;
			defaultConfigurationName = Release;
		};
		43B985A023B981E70016A04F /* Build configuration list for PBXNativeTarget "BitHelperTests" */ = {
			isa = XCConfigurationList;
			buildConfigurations = (
				43B985A123B981E70016A04F /* Debug */,
				43B985A223B981E70016A04F /* Release */,
			);
			defaultConfigurationIsVisible = 0;
			defaultConfigurationName = Release;
		};
/* End XCConfigurationList section */
	};
	rootObject = 43B9857623B981E50016A04F /* Project object */;
}
